{
  "name": "udemy-playwright",
  "version": "1.0.0",
  "lockfileVersion": 2,
  "requires": true,
  "packages": {
    "": {
      "name": "udemy-playwright",
      "version": "1.0.0",
      "license": "ISC",
      "dependencies": {
        "prettier": "^2.7.1"
      },
      "devDependencies": {
        "@playwright/test": "^1.23.4",
        "playwright-expect": "^0.1.2",
        "playwright-zephyr": "^0.0.10"
      }
    },
    "node_modules/@playwright/test": {
      "version": "1.23.4",
      "resolved": "https://registry.npmjs.org/@playwright/test/-/test-1.23.4.tgz",
      "integrity": "sha512-iIsoMJDS/lyuhw82FtcV/B3PXikgVD3hNe5hyvOpRM0uRr1OIpN3LgPeRbBjhzBWmyf6RgRg5fqK5sVcpA03yA==",
      "dev": true,
      "dependencies": {
        "@types/node": "*",
        "playwright-core": "1.23.4"
      },
      "bin": {
        "playwright": "cli.js"
      },
      "engines": {
        "node": ">=14"
      }
    },
    "node_modules/@types/node": {
      "version": "18.0.6",
      "resolved": "https://registry.npmjs.org/@types/node/-/node-18.0.6.tgz",
      "integrity": "sha512-/xUq6H2aQm261exT6iZTMifUySEt4GR5KX8eYyY+C4MSNPqSh9oNIP7tz2GLKTlFaiBbgZNxffoR3CVRG+cljw==",
      "dev": true
    },
    "node_modules/axios": {
      "version": "0.24.0",
      "resolved": "https://registry.npmjs.org/axios/-/axios-0.24.0.tgz",
      "integrity": "sha512-Q6cWsys88HoPgAaFAVUb0WpPk0O8iTeisR9IMqy9G8AbO4NlpVknrnQS03zzF9PGAWgO3cgletO3VjV/P7VztA==",
      "dev": true,
      "dependencies": {
        "follow-redirects": "^1.14.4"
      }
    },
    "node_modules/follow-redirects": {
      "version": "1.15.2",
      "resolved": "https://registry.npmjs.org/follow-redirects/-/follow-redirects-1.15.2.tgz",
      "integrity": "sha512-VQLG33o04KaQ8uYi2tVNbdrWp1QWxNNea+nmIB4EVM28v0hmP17z7aG1+wAkNzVq4KeXTq3221ye5qTJP91JwA==",
      "dev": true,
      "funding": [
        {
          "type": "individual",
          "url": "https://github.com/sponsors/RubenVerborgh"
        }
      ],
      "engines": {
        "node": ">=4.0"
      },
      "peerDependenciesMeta": {
        "debug": {
          "optional": true
        }
      }
    },
    "node_modules/picocolors": {
      "version": "1.0.0",
      "resolved": "https://registry.npmjs.org/picocolors/-/picocolors-1.0.0.tgz",
      "integrity": "sha512-1fygroTLlHu66zi26VoTDv8yRgm0Fccecssto+MhsZ0D/DGW2sm8E8AjW7NU5VVTRt5GxbeZ5qBuJr+HyLYkjQ==",
      "dev": true
    },
    "node_modules/playwright-core": {
      "version": "1.23.4",
      "resolved": "https://registry.npmjs.org/playwright-core/-/playwright-core-1.23.4.tgz",
      "integrity": "sha512-h5V2yw7d8xIwotjyNrkLF13nV9RiiZLHdXeHo+nVJIYGVlZ8U2qV0pMxNJKNTvfQVT0N8/A4CW6/4EW2cOcTiA==",
      "dev": true,
      "bin": {
        "playwright": "cli.js"
      },
      "engines": {
        "node": ">=14"
      }
    },
    "node_modules/playwright-expect": {
      "version": "0.1.2",
      "resolved": "https://registry.npmjs.org/playwright-expect/-/playwright-expect-0.1.2.tgz",
      "integrity": "sha512-ppzRZ3wLAB9fziCp2/+q4jZnfub3aiEHRVPh19Ri5Q/8C4fk1wegtJ+U6kaMGBQyx34CakxcDqFyTYjP+Zmclg==",
      "dev": true
    },
    "node_modules/playwright-zephyr": {
      "version": "0.0.10",
      "resolved": "https://registry.npmjs.org/playwright-zephyr/-/playwright-zephyr-0.0.10.tgz",
      "integrity": "sha512-1fuiAcPQroZk7j/8vk4wYABg1o3is4n0o0/k7HOsLhr+/zx3SWiQ3JniObVijETf4WAXRpKfUgR3J2rBzhegDA==",
      "dev": true,
      "dependencies": {
        "axios": "^0.24.0",
        "picocolors": "^1.0.0"
      }
    },
    "node_modules/prettier": {
      "version": "2.7.1",
      "resolved": "https://registry.npmjs.org/prettier/-/prettier-2.7.1.tgz",
      "integrity": "sha512-ujppO+MkdPqoVINuDFDRLClm7D78qbDt0/NR+wp5FqEZOoTNAjPHWj17QRhu7geIHJfcNhRk1XVQmF8Bp3ye+g==",
      "bin": {
        "prettier": "bin-prettier.js"
      },
      "engines": {
        "node": ">=10.13.0"
      },
      "funding": {
        "url": "https://github.com/prettier/prettier?sponsor=1"
      }
    }
  },
  "dependencies": {
    "@playwright/test": {
      "version": "1.23.4",
      "resolved": "https://registry.npmjs.org/@playwright/test/-/test-1.23.4.tgz",
      "integrity": "sha512-iIsoMJDS/lyuhw82FtcV/B3PXikgVD3hNe5hyvOpRM0uRr1OIpN3LgPeRbBjhzBWmyf6RgRg5fqK5sVcpA03yA==",
      "dev": true,
      "requires": {
        "@types/node": "*",
        "playwright-core": "1.23.4"
      }
    },
    "@types/node": {
      "version": "18.0.6",
      "resolved": "https://registry.npmjs.org/@types/node/-/node-18.0.6.tgz",
      "integrity": "sha512-/xUq6H2aQm261exT6iZTMifUySEt4GR5KX8eYyY+C4MSNPqSh9oNIP7tz2GLKTlFaiBbgZNxffoR3CVRG+cljw==",
      "dev": true
    },
    "axios": {
      "version": "0.24.0",
      "resolved": "https://registry.npmjs.org/axios/-/axios-0.24.0.tgz",
      "integrity": "sha512-Q6cWsys88HoPgAaFAVUb0WpPk0O8iTeisR9IMqy9G8AbO4NlpVknrnQS03zzF9PGAWgO3cgletO3VjV/P7VztA==",
      "dev": true,
      "requires": {
        "follow-redirects": "^1.14.4"
      }
    },
    "follow-redirects": {
      "version": "1.15.2",
      "resolved": "https://registry.npmjs.org/follow-redirects/-/follow-redirects-1.15.2.tgz",
      "integrity": "sha512-VQLG33o04KaQ8uYi2tVNbdrWp1QWxNNea+nmIB4EVM28v0hmP17z7aG1+wAkNzVq4KeXTq3221ye5qTJP91JwA==",
      "dev": true
    },
    "picocolors": {
      "version": "1.0.0",
      "resolved": "https://registry.npmjs.org/picocolors/-/picocolors-1.0.0.tgz",
      "integrity": "sha512-1fygroTLlHu66zi26VoTDv8yRgm0Fccecssto+MhsZ0D/DGW2sm8E8AjW7NU5VVTRt5GxbeZ5qBuJr+HyLYkjQ==",
      "dev": true
    },
    "playwright-core": {
      "version": "1.23.4",
      "resolved": "https://registry.npmjs.org/playwright-core/-/playwright-core-1.23.4.tgz",
      "integrity": "sha512-h5V2yw7d8xIwotjyNrkLF13nV9RiiZLHdXeHo+nVJIYGVlZ8U2qV0pMxNJKNTvfQVT0N8/A4CW6/4EW2cOcTiA==",
      "dev": true
    },
    "playwright-expect": {
      "version": "0.1.2",
      "resolved": "https://registry.npmjs.org/playwright-expect/-/playwright-expect-0.1.2.tgz",
      "integrity": "sha512-ppzRZ3wLAB9fziCp2/+q4jZnfub3aiEHRVPh19Ri5Q/8C4fk1wegtJ+U6kaMGBQyx34CakxcDqFyTYjP+Zmclg==",
      "dev": true
    },
    "playwright-zephyr": {
      "version": "0.0.10",
      "resolved": "https://registry.npmjs.org/playwright-zephyr/-/playwright-zephyr-0.0.10.tgz",
      "integrity": "sha512-1fuiAcPQroZk7j/8vk4wYABg1o3is4n0o0/k7HOsLhr+/zx3SWiQ3JniObVijETf4WAXRpKfUgR3J2rBzhegDA==",
      "dev": true,
      "requires": {
        "axios": "^0.24.0",
        "picocolors": "^1.0.0"
      }
    },
    "prettier": {
      "version": "2.7.1",
      "resolved": "https://registry.npmjs.org/prettier/-/prettier-2.7.1.tgz",
      "integrity": "sha512-ujppO+MkdPqoVINuDFDRLClm7D78qbDt0/NR+wp5FqEZOoTNAjPHWj17QRhu7geIHJfcNhRk1XVQmF8Bp3ye+g=="
    }
  }
}
